# THIS IS AN AUTOGENERATED FILE. DO NOT EDIT THIS FILE DIRECTLY.
# yarn lockfile v1


"@polymer/iron-flex-layout@^3.0.0-pre.26":
  version "3.0.1"
  resolved "https://registry.yarnpkg.com/@polymer/iron-flex-layout/-/iron-flex-layout-3.0.1.tgz#36f9e1a8eb792d279b2bc75d362628721ad37f0c"
  integrity sha512-7gB869czArF+HZcPTVSgvA7tXYFze9EKckvM95NB7SqYF+NnsQyhoXgKnpFwGyo95lUjUW9TFDLUwDXnCYFtkw==
  dependencies:
    "@polymer/polymer" "^3.0.0"

"@polymer/iron-icon@^3.0.0-pre.18":
  version "3.0.1"
  resolved "https://registry.yarnpkg.com/@polymer/iron-icon/-/iron-icon-3.0.1.tgz#93211c39d8825fe4965a68419566036c1df291eb"
  integrity sha512-QLPwirk+UPZNaLnMew9VludXA4CWUCenRewgEcGYwdzVgDPCDbXxy6vRJjmweZobMQv/oVLppT2JZtJFnPxX6g==
  dependencies:
    "@polymer/iron-flex-layout" "^3.0.0-pre.26"
    "@polymer/iron-meta" "^3.0.0-pre.26"
    "@polymer/polymer" "^3.0.0"

"@polymer/iron-iconset-svg@^3.0.0-pre.18":
  version "3.0.1"
  resolved "https://registry.yarnpkg.com/@polymer/iron-iconset-svg/-/iron-iconset-svg-3.0.1.tgz#568d6e7dbc120299dae63be3600aeba0d30ddbea"
  integrity sha512-XNwURbNHRw6u2fJe05O5fMYye6GSgDlDqCO+q6K1zAnKIrpgZwf2vTkBd5uCcZwsN0FyCB3mvNZx4jkh85dRDw==
  dependencies:
    "@polymer/iron-meta" "^3.0.0-pre.26"
    "@polymer/polymer" "^3.0.0"

"@polymer/iron-meta@^3.0.0-pre.26":
  version "3.0.1"
  resolved "https://registry.yarnpkg.com/@polymer/iron-meta/-/iron-meta-3.0.1.tgz#7f140628d127b0a284f882f1bb323a261bc125f5"
  integrity sha512-pWguPugiLYmWFV9UWxLWzZ6gm4wBwQdDy4VULKwdHCqR7OP7u98h+XDdGZsSlDPv6qoryV/e3tGHlTIT0mbzJA==
  dependencies:
    "@polymer/polymer" "^3.0.0"

"@polymer/polymer@^3.0.0", "@polymer/polymer@^3.0.5":
  version "3.1.0"
  resolved "https://registry.yarnpkg.com/@polymer/polymer/-/polymer-3.1.0.tgz#3e1b7447a1e350fd654e1823def655d0f0828a70"
  integrity sha512-hwN8IMERsFATz/9dSMxYHL+84J9uBkPuuarxJWlTsppZ4CAYTZKnepBfNrKoyNsafBmA3yXBiiKPPf+fJtza7A==
  dependencies:
    "@webcomponents/shadycss" "^1.5.2"

"@vaadin/vaadin-control-state-mixin@^2.1.1":
  version "2.1.2"
  resolved "https://registry.yarnpkg.com/@vaadin/vaadin-control-state-mixin/-/vaadin-control-state-mixin-2.1.2.tgz#9db4973a90c406300162df5930581b963bcb2757"
  integrity sha512-lvQodFm6c4Fti3lBQ7EoJEekQ2ABEFdFMChLdW364Mseur2xg1Q9MIEXGbrlJPl6oSOic2FK7Eu5rk0U6sgcMg==
  dependencies:
    "@polymer/polymer" "^3.0.0"

"@vaadin/vaadin-development-mode-detector@^2.0.0":
  version "2.0.0"
  resolved "https://registry.yarnpkg.com/@vaadin/vaadin-development-mode-detector/-/vaadin-development-mode-detector-2.0.0.tgz#69417cbf4a9f7427ec7b70b7dc8e0605a2f900b3"
  integrity sha512-pzSaUqn+lJbTL2ZC6NCAfhyMymMYg2p4DzeUXdyInJISwSWmgh9RlRVpAGhi6MIUOKC7kGeKPAiB4vyWsEhzDg==

"@vaadin/vaadin-element-mixin@^2.0.0":
  version "2.1.2"
  resolved "https://registry.yarnpkg.com/@vaadin/vaadin-element-mixin/-/vaadin-element-mixin-2.1.2.tgz#f34421cc81e6aa3fdf688f0ba26f4a6ae030ad5e"
  integrity sha512-ufYIyiesFoqqEla9CsuMfF1eLXzz0UNVRLTltEuNl01wX+O7Ujqpfp88lmI0VtwfAZ9eobSlXK0eQca1+2IDIg==
  dependencies:
    "@polymer/polymer" "^3.0.0"
    "@vaadin/vaadin-development-mode-detector" "^2.0.0"
    "@vaadin/vaadin-usage-statistics" "^2.0.1"

"@vaadin/vaadin-lumo-styles@^1.2.0":
  version "1.3.3"
  resolved "https://registry.yarnpkg.com/@vaadin/vaadin-lumo-styles/-/vaadin-lumo-styles-1.3.3.tgz#cdf8bd3b759eff63513e68d51c7f9782a433c0e0"
  integrity sha512-+FHnffbu/0JJVBjASoDiV+4F4dRFt3W7598kQRuYO8AQtt+gkaWj/AHskJGW9GxeGUsG9tDl/vLwYbiDNil1uw==
  dependencies:
    "@polymer/iron-icon" "^3.0.0-pre.18"
    "@polymer/iron-iconset-svg" "^3.0.0-pre.18"
    "@polymer/polymer" "^3.0.0"

"@vaadin/vaadin-material-styles@^1.2.0":
  version "1.2.0"
  resolved "https://registry.yarnpkg.com/@vaadin/vaadin-material-styles/-/vaadin-material-styles-1.2.0.tgz#8ac6056b30617a789ff806017ec14e779a1e0252"
  integrity sha512-H46YlNxrG+pvFqzYdVB+LM5PE4WpW38dwagHA13RNIHO52mpqZvaRz8U7YNJ+zjqoy9btz7jk7m9QSpgcNLy2w==
  dependencies:
    "@polymer/polymer" "^3.0.0"

"@vaadin/vaadin-text-field@^2.1.0":
  version "2.1.4"
  resolved "https://registry.yarnpkg.com/@vaadin/vaadin-text-field/-/vaadin-text-field-2.1.4.tgz#127a46603c6d9cdd395eec12d7e834786df38cc3"
  integrity sha512-ITBn5oRGKxRKmAUbNZnNCj7vKtk2z5GvVGdt2KYzoAOWb3BX2+VMj8YswT947DKvunzSvCLUr4RE4ec6fPKpmA==
  dependencies:
    "@polymer/polymer" "^3.0.0"
    "@vaadin/vaadin-control-state-mixin" "^2.1.1"
    "@vaadin/vaadin-element-mixin" "^2.0.0"
    "@vaadin/vaadin-lumo-styles" "^1.2.0"
    "@vaadin/vaadin-material-styles" "^1.2.0"
    "@vaadin/vaadin-themable-mixin" "^1.2.1"

"@vaadin/vaadin-themable-mixin@^1.2.1":
  version "1.3.2"
  resolved "https://registry.yarnpkg.com/@vaadin/vaadin-themable-mixin/-/vaadin-themable-mixin-1.3.2.tgz#1c5f3fa56bd5c41a9b5ce0de8ad9506380c72f39"
  integrity sha512-0GrdfVdkSgref5pFVoU6cgEX2an2piwZEolKQQy/NDy07JIrnjnZX4f/4ZwxsWU8RPhaifarOreWr76Ow/Oisw==
  dependencies:
    "@polymer/polymer" "^3.0.0"

"@vaadin/vaadin-usage-statistics@^2.0.1":
  version "2.0.1"
  resolved "https://registry.yarnpkg.com/@vaadin/vaadin-usage-statistics/-/vaadin-usage-statistics-2.0.1.tgz#277e880c901521f8b763ed0f16ca6900ac6a9f43"
  integrity sha512-8CmbCXZo8Z343jQT3hMVIvdkjzK72r762/UyqjLD54ArjzadneoA+4U6mFGbnbHO7FZpDhc4BKZRb5KAt0ibGg==
  dependencies:
    "@vaadin/vaadin-development-mode-detector" "^2.0.0"

"@webcomponents/shadycss@^1.5.2":
  version "1.5.2"
  resolved "https://registry.yarnpkg.com/@webcomponents/shadycss/-/shadycss-1.5.2.tgz#ad72f43000c39ba4ac61e625131f34f4b7cfe55f"
  integrity sha512-0OyrmVc7S+INtzoqP2ofAo+OdVn2Nj0Qvq4wD9FEGN7nMmLRxaD2mzy6hD6EslzxUSuGH302CDU4KXiY66SEqg==

"@webcomponents/webcomponentsjs@^2.1.3":
  version "2.1.3"
  resolved "https://registry.yarnpkg.com/@webcomponents/webcomponentsjs/-/webcomponentsjs-2.1.3.tgz#f7430c6efe52ab06f69d219fddd32afd2758f683"
  integrity sha512-0UHJNY88lR3pnEYtBVT7F8cuuxOiITQGWJa0LxoELqkBSB7IabzJFOj5K99PajD3CGAsWpjB0CAeijfe376Y1w==

web-animations-js@^2.3.1:
  version "2.3.1"
  resolved "https://registry.yarnpkg.com/web-animations-js/-/web-animations-js-2.3.1.tgz#3a6d9bc15196377a90f8e2803fa5262165b04510"
  integrity sha1-Om2bwVGWN3qQ+OKAP6UmIWWwRRA=
